// !$*UTF8*$!
{
	archiveVersion = 1;
	classes = {
	};
	objectVersion = 56;
	objects = {

/* Begin PBXBuildFile section */
		AA337D45299BB88500E07545 /* MissionView.swift in Sources */ = {isa = PBXBuildFile; fileRef = AA337D44299BB88500E07545 /* MissionView.swift */; };
		AA337D47299BC1DC00E07545 /* AstronautView.swift in Sources */ = {isa = PBXBuildFile; fileRef = AA337D46299BC1DC00E07545 /* AstronautView.swift */; };
		AA337D49299BC9DE00E07545 /* RectangleView.swift in Sources */ = {isa = PBXBuildFile; fileRef = AA337D48299BC9DE00E07545 /* RectangleView.swift */; };
		AA337D4B299BCA9C00E07545 /* CrewView.swift in Sources */ = {isa = PBXBuildFile; fileRef = AA337D4A299BCA9C00E07545 /* CrewView.swift */; };
		AA6D53FB299BE30B004D3096 /* ListLayout.swift in Sources */ = {isa = PBXBuildFile; fileRef = AA6D53FA299BE30B004D3096 /* ListLayout.swift */; };
		AA6D53FD299BEA94004D3096 /* GridLayout.swift in Sources */ = {isa = PBXBuildFile; fileRef = AA6D53FC299BEA94004D3096 /* GridLayout.swift */; };
		AAF986CF299A730300AFCEA7 /* MoonshotApp.swift in Sources */ = {isa = PBXBuildFile; fileRef = AAF986CE299A730300AFCEA7 /* MoonshotApp.swift */; };
		AAF986D1299A730300AFCEA7 /* ContentView.swift in Sources */ = {isa = PBXBuildFile; fileRef = AAF986D0299A730300AFCEA7 /* ContentView.swift */; };
		AAF986D3299A730400AFCEA7 /* Assets.xcassets in Resources */ = {isa = PBXBuildFile; fileRef = AAF986D2299A730400AFCEA7 /* Assets.xcassets */; };
		AAF986D6299A730400AFCEA7 /* Preview Assets.xcassets in Resources */ = {isa = PBXBuildFile; fileRef = AAF986D5299A730400AFCEA7 /* Preview Assets.xcassets */; };
		AAF986DE299A8B1A00AFCEA7 /* astronauts.json in Resources */ = {isa = PBXBuildFile; fileRef = AAF986DC299A8B1A00AFCEA7 /* astronauts.json */; };
		AAF986DF299A8B1A00AFCEA7 /* missions.json in Resources */ = {isa = PBXBuildFile; fileRef = AAF986DD299A8B1A00AFCEA7 /* missions.json */; };
		AAF986E1299A8BB300AFCEA7 /* Astronaut.swift in Sources */ = {isa = PBXBuildFile; fileRef = AAF986E0299A8BB300AFCEA7 /* Astronaut.swift */; };
		AAF986E3299A8C1400AFCEA7 /* Bundle-Decodable.swift in Sources */ = {isa = PBXBuildFile; fileRef = AAF986E2299A8C1400AFCEA7 /* Bundle-Decodable.swift */; };
		AAF986E5299A8F7C00AFCEA7 /* Mission.swift in Sources */ = {isa = PBXBuildFile; fileRef = AAF986E4299A8F7C00AFCEA7 /* Mission.swift */; };
		AAF986E7299A9B6500AFCEA7 /* Color-Theme.swift in Sources */ = {isa = PBXBuildFile; fileRef = AAF986E6299A9B6500AFCEA7 /* Color-Theme.swift */; };
/* End PBXBuildFile section */

/* Begin PBXFileReference section */
		AA337D44299BB88500E07545 /* MissionView.swift */ = {isa = PBXFileReference; lastKnownFileType = sourcecode.swift; path = MissionView.swift; sourceTree = "<group>"; };
		AA337D46299BC1DC00E07545 /* AstronautView.swift */ = {isa = PBXFileReference; lastKnownFileType = sourcecode.swift; path = AstronautView.swift; sourceTree = "<group>"; };
		AA337D48299BC9DE00E07545 /* RectangleView.swift */ = {isa = PBXFileReference; lastKnownFileType = sourcecode.swift; path = RectangleView.swift; sourceTree = "<group>"; };
		AA337D4A299BCA9C00E07545 /* CrewView.swift */ = {isa = PBXFileReference; lastKnownFileType = sourcecode.swift; path = CrewView.swift; sourceTree = "<group>"; };
		AA6D53FA299BE30B004D3096 /* ListLayout.swift */ = {isa = PBXFileReference; lastKnownFileType = sourcecode.swift; path = ListLayout.swift; sourceTree = "<group>"; };
		AA6D53FC299BEA94004D3096 /* GridLayout.swift */ = {isa = PBXFileReference; lastKnownFileType = sourcecode.swift; path = GridLayout.swift; sourceTree = "<group>"; };
		AAF986CB299A730300AFCEA7 /* Moonshot.app */ = {isa = PBXFileReference; explicitFileType = wrapper.application; includeInIndex = 0; path = Moonshot.app; sourceTree = BUILT_PRODUCTS_DIR; };
		AAF986CE299A730300AFCEA7 /* MoonshotApp.swift */ = {isa = PBXFileReference; lastKnownFileType = sourcecode.swift; path = MoonshotApp.swift; sourceTree = "<group>"; };
		AAF986D0299A730300AFCEA7 /* ContentView.swift */ = {isa = PBXFileReference; lastKnownFileType = sourcecode.swift; path = ContentView.swift; sourceTree = "<group>"; };
		AAF986D2299A730400AFCEA7 /* Assets.xcassets */ = {isa = PBXFileReference; lastKnownFileType = folder.assetcatalog; path = Assets.xcassets; sourceTree = "<group>"; };
		AAF986D5299A730400AFCEA7 /* Preview Assets.xcassets */ = {isa = PBXFileReference; lastKnownFileType = folder.assetcatalog; path = "Preview Assets.xcassets"; sourceTree = "<group>"; };
		AAF986DC299A8B1A00AFCEA7 /* astronauts.json */ = {isa = PBXFileReference; fileEncoding = 4; lastKnownFileType = text.json; path = astronauts.json; sourceTree = "<group>"; };
		AAF986DD299A8B1A00AFCEA7 /* missions.json */ = {isa = PBXFileReference; fileEncoding = 4; lastKnownFileType = text.json; path = missions.json; sourceTree = "<group>"; };
		AAF986E0299A8BB300AFCEA7 /* Astronaut.swift */ = {isa = PBXFileReference; lastKnownFileType = sourcecode.swift; path = Astronaut.swift; sourceTree = "<group>"; };
		AAF986E2299A8C1400AFCEA7 /* Bundle-Decodable.swift */ = {isa = PBXFileReference; lastKnownFileType = sourcecode.swift; path = "Bundle-Decodable.swift"; sourceTree = "<group>"; };
		AAF986E4299A8F7C00AFCEA7 /* Mission.swift */ = {isa = PBXFileReference; lastKnownFileType = sourcecode.swift; path = Mission.swift; sourceTree = "<group>"; };
		AAF986E6299A9B6500AFCEA7 /* Color-Theme.swift */ = {isa = PBXFileReference; lastKnownFileType = sourcecode.swift; path = "Color-Theme.swift"; sourceTree = "<group>"; };
/* End PBXFileReference section */

/* Begin PBXFrameworksBuildPhase section */
		AAF986C8299A730300AFCEA7 /* Frameworks */ = {
			isa = PBXFrameworksBuildPhase;
			buildActionMask = 2147483647;
			files = (
			);
			runOnlyForDeploymentPostprocessing = 0;
		};
/* End PBXFrameworksBuildPhase section */

/* Begin PBXGroup section */
		AAF986C2299A730300AFCEA7 = {
			isa = PBXGroup;
			children = (
				AAF986CD299A730300AFCEA7 /* Moonshot */,
				AAF986CC299A730300AFCEA7 /* Products */,
			);
			sourceTree = "<group>";
		};
		AAF986CC299A730300AFCEA7 /* Products */ = {
			isa = PBXGroup;
			children = (
				AAF986CB299A730300AFCEA7 /* Moonshot.app */,
			);
			name = Products;
			sourceTree = "<group>";
		};
		AAF986CD299A730300AFCEA7 /* Moonshot */ = {
			isa = PBXGroup;
			children = (
				AAF986CE299A730300AFCEA7 /* MoonshotApp.swift */,
				AAF986D0299A730300AFCEA7 /* ContentView.swift */,
				AA6D53FA299BE30B004D3096 /* ListLayout.swift */,
				AA6D53FC299BEA94004D3096 /* GridLayout.swift */,
				AA337D44299BB88500E07545 /* MissionView.swift */,
				AA337D4A299BCA9C00E07545 /* CrewView.swift */,
				AA337D48299BC9DE00E07545 /* RectangleView.swift */,
				AA337D46299BC1DC00E07545 /* AstronautView.swift */,
				AAF986E6299A9B6500AFCEA7 /* Color-Theme.swift */,
				AAF986E0299A8BB300AFCEA7 /* Astronaut.swift */,
				AAF986E4299A8F7C00AFCEA7 /* Mission.swift */,
				AAF986E2299A8C1400AFCEA7 /* Bundle-Decodable.swift */,
				AAF986DC299A8B1A00AFCEA7 /* astronauts.json */,
				AAF986DD299A8B1A00AFCEA7 /* missions.json */,
				AAF986D2299A730400AFCEA7 /* Assets.xcassets */,
				AAF986D4299A730400AFCEA7 /* Preview Content */,
			);
			path = Moonshot;
			sourceTree = "<group>";
		};
		AAF986D4299A730400AFCEA7 /* Preview Content */ = {
			isa = PBXGroup;
			children = (
				AAF986D5299A730400AFCEA7 /* Preview Assets.xcassets */,
			);
			path = "Preview Content";
			sourceTree = "<group>";
		};
/* End PBXGroup section */

/* Begin PBXNativeTarget section */
		AAF986CA299A730300AFCEA7 /* Moonshot */ = {
			isa = PBXNativeTarget;
			buildConfigurationList = AAF986D9299A730400AFCEA7 /* Build configuration list for PBXNativeTarget "Moonshot" */;
			buildPhases = (
				AAF986C7299A730300AFCEA7 /* Sources */,
				AAF986C8299A730300AFCEA7 /* Frameworks */,
				AAF986C9299A730300AFCEA7 /* Resources */,
			);
			buildRules = (
			);
			dependencies = (
			);
			name = Moonshot;
			productName = Moonshot;
			productReference = AAF986CB299A730300AFCEA7 /* Moonshot.app */;
			productType = "com.apple.product-type.application";
		};
/* End PBXNativeTarget section */

/* Begin PBXProject section */
		AAF986C3299A730300AFCEA7 /* Project object */ = {
			isa = PBXProject;
			attributes = {
				BuildIndependentTargetsInParallel = 1;
				LastSwiftUpdateCheck = 1420;
				LastUpgradeCheck = 1420;
				TargetAttributes = {
					AAF986CA299A730300AFCEA7 = {
						CreatedOnToolsVersion = 14.2;
					};
				};
			};
			buildConfigurationList = AAF986C6299A730300AFCEA7 /* Build configuration list for PBXProject "Moonshot" */;
			compatibilityVersion = "Xcode 14.0";
			developmentRegion = en;
			hasScannedForEncodings = 0;
			knownRegions = (
				en,
				Base,
			);
			mainGroup = AAF986C2299A730300AFCEA7;
			productRefGroup = AAF986CC299A730300AFCEA7 /* Products */;
			projectDirPath = "";
			projectRoot = "";
			targets = (
				AAF986CA299A730300AFCEA7 /* Moonshot */,
			);
		};
/* End PBXProject section */

/* Begin PBXResourcesBuildPhase section */
		AAF986C9299A730300AFCEA7 /* Resources */ = {
			isa = PBXResourcesBuildPhase;
			buildActionMask = 2147483647;
			files = (
				AAF986DE299A8B1A00AFCEA7 /* astronauts.json in Resources */,
				AAF986D6299A730400AFCEA7 /* Preview Assets.xcassets in Resources */,
				AAF986DF299A8B1A00AFCEA7 /* missions.json in Resources */,
				AAF986D3299A730400AFCEA7 /* Assets.xcassets in Resources */,
			);
			runOnlyForDeploymentPostprocessing = 0;
		};
/* End PBXResourcesBuildPhase section */

/* Begin PBXSourcesBuildPhase section */
		AAF986C7299A730300AFCEA7 /* Sources */ = {
			isa = PBXSourcesBuildPhase;
			buildActionMask = 2147483647;
			files = (
				AA337D45299BB88500E07545 /* MissionView.swift in Sources */,
				AAF986E1299A8BB300AFCEA7 /* Astronaut.swift in Sources */,
				AA337D47299BC1DC00E07545 /* AstronautView.swift in Sources */,
				AA6D53FD299BEA94004D3096 /* GridLayout.swift in Sources */,
				AAF986E7299A9B6500AFCEA7 /* Color-Theme.swift in Sources */,
				AAF986D1299A730300AFCEA7 /* ContentView.swift in Sources */,
				AA337D4B299BCA9C00E07545 /* CrewView.swift in Sources */,
				AA337D49299BC9DE00E07545 /* RectangleView.swift in Sources */,
				AAF986CF299A730300AFCEA7 /* MoonshotApp.swift in Sources */,
				AA6D53FB299BE30B004D3096 /* ListLayout.swift in Sources */,
				AAF986E5299A8F7C00AFCEA7 /* Mission.swift in Sources */,
				AAF986E3299A8C1400AFCEA7 /* Bundle-Decodable.swift in Sources */,
			);
			runOnlyForDeploymentPostprocessing = 0;
		};
/* End PBXSourcesBuildPhase section */

/* Begin XCBuildConfiguration section */
		AAF986D7299A730400AFCEA7 /* Debug */ = {
			isa = XCBuildConfiguration;
			buildSettings = {
				ALWAYS_SEARCH_USER_PATHS = NO;
				CLANG_ANALYZER_NONNULL = YES;
				CLANG_ANALYZER_NUMBER_OBJECT_CONVERSION = YES_AGGRESSIVE;
				CLANG_CXX_LANGUAGE_STANDARD = "gnu++20";
				CLANG_ENABLE_MODULES = YES;
				CLANG_ENABLE_OBJC_ARC = YES;
				CLANG_ENABLE_OBJC_WEAK = YES;
				CLANG_WARN_BLOCK_CAPTURE_AUTORELEASING = YES;
				CLANG_WARN_BOOL_CONVERSION = YES;
				CLANG_WARN_COMMA = YES;
				CLANG_WARN_CONSTANT_CONVERSION = YES;
				CLANG_WARN_DEPRECATED_OBJC_IMPLEMENTATIONS = YES;
				CLANG_WARN_DIRECT_OBJC_ISA_USAGE = YES_ERROR;
				CLANG_WARN_DOCUMENTATION_COMMENTS = YES;
				CLANG_WARN_EMPTY_BODY = YES;
				CLANG_WARN_ENUM_CONVERSION = YES;
				CLANG_WARN_INFINITE_RECURSION = YES;
				CLANG_WARN_INT_CONVERSION = YES;
				CLANG_WARN_NON_LITERAL_NULL_CONVERSION = YES;
				CLANG_WARN_OBJC_IMPLICIT_RETAIN_SELF = YES;
				CLANG_WARN_OBJC_LITERAL_CONVERSION = YES;
				CLANG_WARN_OBJC_ROOT_CLASS = YES_ERROR;
				CLANG_WARN_QUOTED_INCLUDE_IN_FRAMEWORK_HEADER = YES;
				CLANG_WARN_RANGE_LOOP_ANALYSIS = YES;
				CLANG_WARN_STRICT_PROTOTYPES = YES;
				CLANG_WARN_SUSPICIOUS_MOVE = YES;
				CLANG_WARN_UNGUARDED_AVAILABILITY = YES_AGGRESSIVE;
				CLANG_WARN_UNREACHABLE_CODE = YES;
				CLANG_WARN__DUPLICATE_METHOD_MATCH = YES;
				COPY_PHASE_STRIP = NO;
				DEBUG_INFORMATION_FORMAT = dwarf;
				ENABLE_STRICT_OBJC_MSGSEND = YES;
				ENABLE_TESTABILITY = YES;
				GCC_C_LANGUAGE_STANDARD = gnu11;
				GCC_DYNAMIC_NO_PIC = NO;
				GCC_NO_COMMON_BLOCKS = YES;
				GCC_OPTIMIZATION_LEVEL = 0;
				GCC_PREPROCESSOR_DEFINITIONS = (
					"DEBUG=1",
					"$(inherited)",
				);
				GCC_WARN_64_TO_32_BIT_CONVERSION = YES;
				GCC_WARN_ABOUT_RETURN_TYPE = YES_ERROR;
				GCC_WARN_UNDECLARED_SELECTOR = YES;
				GCC_WARN_UNINITIALIZED_AUTOS = YES_AGGRESSIVE;
				GCC_WARN_UNUSED_FUNCTION = YES;
				GCC_WARN_UNUSED_VARIABLE = YES;
				IPHONEOS_DEPLOYMENT_TARGET = 16.2;
				MTL_ENABLE_DEBUG_INFO = INCLUDE_SOURCE;
				MTL_FAST_MATH = YES;
				ONLY_ACTIVE_ARCH = YES;
				SDKROOT = iphoneos;
				SWIFT_ACTIVE_COMPILATION_CONDITIONS = DEBUG;
				SWIFT_OPTIMIZATION_LEVEL = "-Onone";
			};
			name = Debug;
		};
		AAF986D8299A730400AFCEA7 /* Release */ = {
			isa = XCBuildConfiguration;
			buildSettings = {
				ALWAYS_SEARCH_USER_PATHS = NO;
				CLANG_ANALYZER_NONNULL = YES;
				CLANG_ANALYZER_NUMBER_OBJECT_CONVERSION = YES_AGGRESSIVE;
				CLANG_CXX_LANGUAGE_STANDARD = "gnu++20";
				CLANG_ENABLE_MODULES = YES;
				CLANG_ENABLE_OBJC_ARC = YES;
				CLANG_ENABLE_OBJC_WEAK = YES;
				CLANG_WARN_BLOCK_CAPTURE_AUTORELEASING = YES;
				CLANG_WARN_BOOL_CONVERSION = YES;
				CLANG_WARN_COMMA = YES;
				CLANG_WARN_CONSTANT_CONVERSION = YES;
				CLANG_WARN_DEPRECATED_OBJC_IMPLEMENTATIONS = YES;
				CLANG_WARN_DIRECT_OBJC_ISA_USAGE = YES_ERROR;
				CLANG_WARN_DOCUMENTATION_COMMENTS = YES;
				CLANG_WARN_EMPTY_BODY = YES;
				CLANG_WARN_ENUM_CONVERSION = YES;
				CLANG_WARN_INFINITE_RECURSION = YES;
				CLANG_WARN_INT_CONVERSION = YES;
				CLANG_WARN_NON_LITERAL_NULL_CONVERSION = YES;
				CLANG_WARN_OBJC_IMPLICIT_RETAIN_SELF = YES;
				CLANG_WARN_OBJC_LITERAL_CONVERSION = YES;
				CLANG_WARN_OBJC_ROOT_CLASS = YES_ERROR;
				CLANG_WARN_QUOTED_INCLUDE_IN_FRAMEWORK_HEADER = YES;
				CLANG_WARN_RANGE_LOOP_ANALYSIS = YES;
				CLANG_WARN_STRICT_PROTOTYPES = YES;
				CLANG_WARN_SUSPICIOUS_MOVE = YES;
				CLANG_WARN_UNGUARDED_AVAILABILITY = YES_AGGRESSIVE;
				CLANG_WARN_UNREACHABLE_CODE = YES;
				CLANG_WARN__DUPLICATE_METHOD_MATCH = YES;
				COPY_PHASE_STRIP = NO;
				DEBUG_INFORMATION_FORMAT = "dwarf-with-dsym";
				ENABLE_NS_ASSERTIONS = NO;
				ENABLE_STRICT_OBJC_MSGSEND = YES;
				GCC_C_LANGUAGE_STANDARD = gnu11;
				GCC_NO_COMMON_BLOCKS = YES;
				GCC_WARN_64_TO_32_BIT_CONVERSION = YES;
				GCC_WARN_ABOUT_RETURN_TYPE = YES_ERROR;
				GCC_WARN_UNDECLARED_SELECTOR = YES;
				GCC_WARN_UNINITIALIZED_AUTOS = YES_AGGRESSIVE;
				GCC_WARN_UNUSED_FUNCTION = YES;
				GCC_WARN_UNUSED_VARIABLE = YES;
				IPHONEOS_DEPLOYMENT_TARGET = 16.2;
				MTL_ENABLE_DEBUG_INFO = NO;
				MTL_FAST_MATH = YES;
				SDKROOT = iphoneos;
				SWIFT_COMPILATION_MODE = wholemodule;
				SWIFT_OPTIMIZATION_LEVEL = "-O";
				VALIDATE_PRODUCT = YES;
			};
			name = Release;
		};
		AAF986DA299A730400AFCEA7 /* Debug */ = {
			isa = XCBuildConfiguration;
			buildSettings = {
				ASSETCATALOG_COMPILER_APPICON_NAME = AppIcon;
				ASSETCATALOG_COMPILER_GLOBAL_ACCENT_COLOR_NAME = AccentColor;
				CODE_SIGN_STYLE = Automatic;
				CURRENT_PROJECT_VERSION = 1;
				DEVELOPMENT_ASSET_PATHS = "\"Moonshot/Preview Content\"";
				ENABLE_PREVIEWS = YES;
				GENERATE_INFOPLIST_FILE = YES;
				INFOPLIST_KEY_UIApplicationSceneManifest_Generation = YES;
				INFOPLIST_KEY_UIApplicationSupportsIndirectInputEvents = YES;
				INFOPLIST_KEY_UILaunchScreen_Generation = YES;
				INFOPLIST_KEY_UISupportedInterfaceOrientations_iPad = "UIInterfaceOrientationPortrait UIInterfaceOrientationPortraitUpsideDown UIInterfaceOrientationLandscapeLeft UIInterfaceOrientationLandscapeRight";
				INFOPLIST_KEY_UISupportedInterfaceOrientations_iPhone = "UIInterfaceOrientationPortrait UIInterfaceOrientationLandscapeLeft UIInterfaceOrientationLandscapeRight";
				IPHONEOS_DEPLOYMENT_TARGET = 15.0;
				LD_RUNPATH_SEARCH_PATHS = (
					"$(inherited)",
					"@executable_path/Frameworks",
				);
				MARKETING_VERSION = 1.0;
				PRODUCT_BUNDLE_IDENTIFIER = uk.co.stevenmcwee.Moonshot;
				PRODUCT_NAME = "$(TARGET_NAME)";
				SWIFT_EMIT_LOC_STRINGS = YES;
				SWIFT_VERSION = 5.0;
				TARGETED_DEVICE_FAMILY = "1,2";
			};
			name = Debug;
		};
		AAF986DB299A730400AFCEA7 /* Release */ = {
			isa = XCBuildConfiguration;
			buildSettings = {
				ASSETCATALOG_COMPILER_APPICON_NAME = AppIcon;
				ASSETCATALOG_COMPILER_GLOBAL_ACCENT_COLOR_NAME = AccentColor;
				CODE_SIGN_STYLE = Automatic;
				CURRENT_PROJECT_VERSION = 1;
				DEVELOPMENT_ASSET_PATHS = "\"Moonshot/Preview Content\"";
				ENABLE_PREVIEWS = YES;
				GENERATE_INFOPLIST_FILE = YES;
				INFOPLIST_KEY_UIApplicationSceneManifest_Generation = YES;
				INFOPLIST_KEY_UIApplicationSupportsIndirectInputEvents = YES;
				INFOPLIST_KEY_UILaunchScreen_Generation = YES;
				INFOPLIST_KEY_UISupportedInterfaceOrientations_iPad = "UIInterfaceOrientationPortrait UIInterfaceOrientationPortraitUpsideDown UIInterfaceOrientationLandscapeLeft UIInterfaceOrientationLandscapeRight";
				INFOPLIST_KEY_UISupportedInterfaceOrientations_iPhone = "UIInterfaceOrientationPortrait UIInterfaceOrientationLandscapeLeft UIInterfaceOrientationLandscapeRight";
				IPHONEOS_DEPLOYMENT_TARGET = 15.0;
				LD_RUNPATH_SEARCH_PATHS = (
					"$(inherited)",
					"@executable_path/Frameworks",
				);
				MARKETING_VERSION = 1.0;
				PRODUCT_BUNDLE_IDENTIFIER = uk.co.stevenmcwee.Moonshot;
				PRODUCT_NAME = "$(TARGET_NAME)";
				SWIFT_EMIT_LOC_STRINGS = YES;
				SWIFT_VERSION = 5.0;
				TARGETED_DEVICE_FAMILY = "1,2";
			};
			name = Release;
		};
/* End XCBuildConfiguration section */

/* Begin XCConfigurationList section */
		AAF986C6299A730300AFCEA7 /* Build configuration list for PBXProject "Moonshot" */ = {
			isa = XCConfigurationList;
			buildConfigurations = (
				AAF986D7299A730400AFCEA7 /* Debug */,
				AAF986D8299A730400AFCEA7 /* Release */,
			);
			defaultConfigurationIsVisible = 0;
			defaultConfigurationName = Release;
		};
		AAF986D9299A730400AFCEA7 /* Build configuration list for PBXNativeTarget "Moonshot" */ = {
			isa = XCConfigurationList;
			buildConfigurations = (
				AAF986DA299A730400AFCEA7 /* Debug */,
				AAF986DB299A730400AFCEA7 /* Release */,
			);
			defaultConfigurationIsVisible = 0;
			defaultConfigurationName = Release;
		};
/* End XCConfigurationList section */
	};
	rootObject = AAF986C3299A730300AFCEA7 /* Project object */;
}
